
Microsoft Visual Studio Solution File, Format Version 12.00
# Visual Studio Version 17
VisualStudioVersion = 17.0.31903.59
MinimumVisualStudioVersion = 10.0.40219.1
Project("{2150E333-8FDC-42A3-9474-1A3956D46DE8}") = "src", "src", "{827E0CD3-B72D-47B6-A68D-7590B98EB39B}"
EndProject
Project("{FAE04EC0-301F-11D3-BF4B-00C04F79EFBC}") = "Arcademy.Domain", "src\Arcademy.Domain\Arcademy.Domain.csproj", "{73468E80-9AF3-4872-8BB1-985125DFF93E}"
EndProject
Project("{FAE04EC0-301F-11D3-BF4B-00C04F79EFBC}") = "Arcademy.Application", "src\Arcademy.Application\Arcademy.Application.csproj", "{1403F4A9-63C2-4ABB-B81A-5CE178119A12}"
EndProject
Project("{FAE04EC0-301F-11D3-BF4B-00C04F79EFBC}") = "Arcademy.Infrastructure", "src\Arcademy.Infrastructure\Arcademy.Infrastructure.csproj", "{2F78CEC0-0FE1-4112-96F4-C2E66156488D}"
EndProject
Project("{FAE04EC0-301F-11D3-BF4B-00C04F79EFBC}") = "Arcademy.API", "src\Arcademy.API\Arcademy.API.csproj", "{8FE5CC32-79B8-42A1-9F0A-4848829ECB53}"
EndProject
Project("{2150E333-8FDC-42A3-9474-1A3956D46DE8}") = "tests", "tests", "{0AB3BF05-4346-4AA6-1389-037BE0695223}"
EndProject
Project("{FAE04EC0-301F-11D3-BF4B-00C04F79EFBC}") = "Arcademy.Domain.Tests", "tests\Arcademy.Domain.Tests\Arcademy.Domain.Tests.csproj", "{256FE921-0F98-4416-823B-6C3270F189FB}"
EndProject
Project("{FAE04EC0-301F-11D3-BF4B-00C04F79EFBC}") = "Arcademy.Application.Tests", "tests\Arcademy.Application.Tests\Arcademy.Application.Tests.csproj", "{E4BE6EA9-79CA-4173-978F-30526C375264}"
EndProject
Project("{FAE04EC0-301F-11D3-BF4B-00C04F79EFBC}") = "Arcademy.API.Tests", "tests\Arcademy.API.Tests\Arcademy.API.Tests.csproj", "{71EEC3E9-F2BC-4E95-AFA0-34454AE546B1}"
EndProject
Global
	GlobalSection(SolutionConfigurationPlatforms) = preSolution
		Debug|Any CPU = Debug|Any CPU
		Debug|x64 = Debug|x64
		Debug|x86 = Debug|x86
		Release|Any CPU = Release|Any CPU
		Release|x64 = Release|x64
		Release|x86 = Release|x86
	EndGlobalSection
	GlobalSection(ProjectConfigurationPlatforms) = postSolution
		{73468E80-9AF3-4872-8BB1-985125DFF93E}.Debug|Any CPU.ActiveCfg = Debug|Any CPU
		{73468E80-9AF3-4872-8BB1-985125DFF93E}.Debug|Any CPU.Build.0 = Debug|Any CPU
		{73468E80-9AF3-4872-8BB1-985125DFF93E}.Debug|x64.ActiveCfg = Debug|Any CPU
		{73468E80-9AF3-4872-8BB1-985125DFF93E}.Debug|x64.Build.0 = Debug|Any CPU
		{73468E80-9AF3-4872-8BB1-985125DFF93E}.Debug|x86.ActiveCfg = Debug|Any CPU
		{73468E80-9AF3-4872-8BB1-985125DFF93E}.Debug|x86.Build.0 = Debug|Any CPU
		{73468E80-9AF3-4872-8BB1-985125DFF93E}.Release|Any CPU.ActiveCfg = Release|Any CPU
		{73468E80-9AF3-4872-8BB1-985125DFF93E}.Release|Any CPU.Build.0 = Release|Any CPU
		{73468E80-9AF3-4872-8BB1-985125DFF93E}.Release|x64.ActiveCfg = Release|Any CPU
		{73468E80-9AF3-4872-8BB1-985125DFF93E}.Release|x64.Build.0 = Release|Any CPU
		{73468E80-9AF3-4872-8BB1-985125DFF93E}.Release|x86.ActiveCfg = Release|Any CPU
		{73468E80-9AF3-4872-8BB1-985125DFF93E}.Release|x86.Build.0 = Release|Any CPU
		{1403F4A9-63C2-4ABB-B81A-5CE178119A12}.Debug|Any CPU.ActiveCfg = Debug|Any CPU
		{1403F4A9-63C2-4ABB-B81A-5CE178119A12}.Debug|Any CPU.Build.0 = Debug|Any CPU
		{1403F4A9-63C2-4ABB-B81A-5CE178119A12}.Debug|x64.ActiveCfg = Debug|Any CPU
		{1403F4A9-63C2-4ABB-B81A-5CE178119A12}.Debug|x64.Build.0 = Debug|Any CPU
		{1403F4A9-63C2-4ABB-B81A-5CE178119A12}.Debug|x86.ActiveCfg = Debug|Any CPU
		{1403F4A9-63C2-4ABB-B81A-5CE178119A12}.Debug|x86.Build.0 = Debug|Any CPU
		{1403F4A9-63C2-4ABB-B81A-5CE178119A12}.Release|Any CPU.ActiveCfg = Release|Any CPU
		{1403F4A9-63C2-4ABB-B81A-5CE178119A12}.Release|Any CPU.Build.0 = Release|Any CPU
		{1403F4A9-63C2-4ABB-B81A-5CE178119A12}.Release|x64.ActiveCfg = Release|Any CPU
		{1403F4A9-63C2-4ABB-B81A-5CE178119A12}.Release|x64.Build.0 = Release|Any CPU
		{1403F4A9-63C2-4ABB-B81A-5CE178119A12}.Release|x86.ActiveCfg = Release|Any CPU
		{1403F4A9-63C2-4ABB-B81A-5CE178119A12}.Release|x86.Build.0 = Release|Any CPU
		{2F78CEC0-0FE1-4112-96F4-C2E66156488D}.Debug|Any CPU.ActiveCfg = Debug|Any CPU
		{2F78CEC0-0FE1-4112-96F4-C2E66156488D}.Debug|Any CPU.Build.0 = Debug|Any CPU
		{2F78CEC0-0FE1-4112-96F4-C2E66156488D}.Debug|x64.ActiveCfg = Debug|Any CPU
		{2F78CEC0-0FE1-4112-96F4-C2E66156488D}.Debug|x64.Build.0 = Debug|Any CPU
		{2F78CEC0-0FE1-4112-96F4-C2E66156488D}.Debug|x86.ActiveCfg = Debug|Any CPU
		{2F78CEC0-0FE1-4112-96F4-C2E66156488D}.Debug|x86.Build.0 = Debug|Any CPU
		{2F78CEC0-0FE1-4112-96F4-C2E66156488D}.Release|Any CPU.ActiveCfg = Release|Any CPU
		{2F78CEC0-0FE1-4112-96F4-C2E66156488D}.Release|Any CPU.Build.0 = Release|Any CPU
		{2F78CEC0-0FE1-4112-96F4-C2E66156488D}.Release|x64.ActiveCfg = Release|Any CPU
		{2F78CEC0-0FE1-4112-96F4-C2E66156488D}.Release|x64.Build.0 = Release|Any CPU
		{2F78CEC0-0FE1-4112-96F4-C2E66156488D}.Release|x86.ActiveCfg = Release|Any CPU
		{2F78CEC0-0FE1-4112-96F4-C2E66156488D}.Release|x86.Build.0 = Release|Any CPU
		{8FE5CC32-79B8-42A1-9F0A-4848829ECB53}.Debug|Any CPU.ActiveCfg = Debug|Any CPU
		{8FE5CC32-79B8-42A1-9F0A-4848829ECB53}.Debug|Any CPU.Build.0 = Debug|Any CPU
		{8FE5CC32-79B8-42A1-9F0A-4848829ECB53}.Debug|x64.ActiveCfg = Debug|Any CPU
		{8FE5CC32-79B8-42A1-9F0A-4848829ECB53}.Debug|x64.Build.0 = Debug|Any CPU
		{8FE5CC32-79B8-42A1-9F0A-4848829ECB53}.Debug|x86.ActiveCfg = Debug|Any CPU
		{8FE5CC32-79B8-42A1-9F0A-4848829ECB53}.Debug|x86.Build.0 = Debug|Any CPU
		{8FE5CC32-79B8-42A1-9F0A-4848829ECB53}.Release|Any CPU.ActiveCfg = Release|Any CPU
		{8FE5CC32-79B8-42A1-9F0A-4848829ECB53}.Release|Any CPU.Build.0 = Release|Any CPU
		{8FE5CC32-79B8-42A1-9F0A-4848829ECB53}.Release|x64.ActiveCfg = Release|Any CPU
		{8FE5CC32-79B8-42A1-9F0A-4848829ECB53}.Release|x64.Build.0 = Release|Any CPU
		{8FE5CC32-79B8-42A1-9F0A-4848829ECB53}.Release|x86.ActiveCfg = Release|Any CPU
		{8FE5CC32-79B8-42A1-9F0A-4848829ECB53}.Release|x86.Build.0 = Release|Any CPU
		{256FE921-0F98-4416-823B-6C3270F189FB}.Debug|Any CPU.ActiveCfg = Debug|Any CPU
		{256FE921-0F98-4416-823B-6C3270F189FB}.Debug|Any CPU.Build.0 = Debug|Any CPU
		{256FE921-0F98-4416-823B-6C3270F189FB}.Debug|x64.ActiveCfg = Debug|Any CPU
		{256FE921-0F98-4416-823B-6C3270F189FB}.Debug|x64.Build.0 = Debug|Any CPU
		{256FE921-0F98-4416-823B-6C3270F189FB}.Debug|x86.ActiveCfg = Debug|Any CPU
		{256FE921-0F98-4416-823B-6C3270F189FB}.Debug|x86.Build.0 = Debug|Any CPU
		{256FE921-0F98-4416-823B-6C3270F189FB}.Release|Any CPU.ActiveCfg = Release|Any CPU
		{256FE921-0F98-4416-823B-6C3270F189FB}.Release|Any CPU.Build.0 = Release|Any CPU
		{256FE921-0F98-4416-823B-6C3270F189FB}.Release|x64.ActiveCfg = Release|Any CPU
		{256FE921-0F98-4416-823B-6C3270F189FB}.Release|x64.Build.0 = Release|Any CPU
		{256FE921-0F98-4416-823B-6C3270F189FB}.Release|x86.ActiveCfg = Release|Any CPU
		{256FE921-0F98-4416-823B-6C3270F189FB}.Release|x86.Build.0 = Release|Any CPU
		{E4BE6EA9-79CA-4173-978F-30526C375264}.Debug|Any CPU.ActiveCfg = Debug|Any CPU
		{E4BE6EA9-79CA-4173-978F-30526C375264}.Debug|Any CPU.Build.0 = Debug|Any CPU
		{E4BE6EA9-79CA-4173-978F-30526C375264}.Debug|x64.ActiveCfg = Debug|Any CPU
		{E4BE6EA9-79CA-4173-978F-30526C375264}.Debug|x64.Build.0 = Debug|Any CPU
		{E4BE6EA9-79CA-4173-978F-30526C375264}.Debug|x86.ActiveCfg = Debug|Any CPU
		{E4BE6EA9-79CA-4173-978F-30526C375264}.Debug|x86.Build.0 = Debug|Any CPU
		{E4BE6EA9-79CA-4173-978F-30526C375264}.Release|Any CPU.ActiveCfg = Release|Any CPU
		{E4BE6EA9-79CA-4173-978F-30526C375264}.Release|Any CPU.Build.0 = Release|Any CPU
		{E4BE6EA9-79CA-4173-978F-30526C375264}.Release|x64.ActiveCfg = Release|Any CPU
		{E4BE6EA9-79CA-4173-978F-30526C375264}.Release|x64.Build.0 = Release|Any CPU
		{E4BE6EA9-79CA-4173-978F-30526C375264}.Release|x86.ActiveCfg = Release|Any CPU
		{E4BE6EA9-79CA-4173-978F-30526C375264}.Release|x86.Build.0 = Release|Any CPU
		{71EEC3E9-F2BC-4E95-AFA0-34454AE546B1}.Debug|Any CPU.ActiveCfg = Debug|Any CPU
		{71EEC3E9-F2BC-4E95-AFA0-34454AE546B1}.Debug|Any CPU.Build.0 = Debug|Any CPU
		{71EEC3E9-F2BC-4E95-AFA0-34454AE546B1}.Debug|x64.ActiveCfg = Debug|Any CPU
		{71EEC3E9-F2BC-4E95-AFA0-34454AE546B1}.Debug|x64.Build.0 = Debug|Any CPU
		{71EEC3E9-F2BC-4E95-AFA0-34454AE546B1}.Debug|x86.ActiveCfg = Debug|Any CPU
		{71EEC3E9-F2BC-4E95-AFA0-34454AE546B1}.Debug|x86.Build.0 = Debug|Any CPU
		{71EEC3E9-F2BC-4E95-AFA0-34454AE546B1}.Release|Any CPU.ActiveCfg = Release|Any CPU
		{71EEC3E9-F2BC-4E95-AFA0-34454AE546B1}.Release|Any CPU.Build.0 = Release|Any CPU
		{71EEC3E9-F2BC-4E95-AFA0-34454AE546B1}.Release|x64.ActiveCfg = Release|Any CPU
		{71EEC3E9-F2BC-4E95-AFA0-34454AE546B1}.Release|x64.Build.0 = Release|Any CPU
		{71EEC3E9-F2BC-4E95-AFA0-34454AE546B1}.Release|x86.ActiveCfg = Release|Any CPU
		{71EEC3E9-F2BC-4E95-AFA0-34454AE546B1}.Release|x86.Build.0 = Release|Any CPU
	EndGlobalSection
	GlobalSection(SolutionProperties) = preSolution
		HideSolutionNode = FALSE
	EndGlobalSection
	GlobalSection(NestedProjects) = preSolution
		{73468E80-9AF3-4872-8BB1-985125DFF93E} = {827E0CD3-B72D-47B6-A68D-7590B98EB39B}
		{1403F4A9-63C2-4ABB-B81A-5CE178119A12} = {827E0CD3-B72D-47B6-A68D-7590B98EB39B}
		{2F78CEC0-0FE1-4112-96F4-C2E66156488D} = {827E0CD3-B72D-47B6-A68D-7590B98EB39B}
		{8FE5CC32-79B8-42A1-9F0A-4848829ECB53} = {827E0CD3-B72D-47B6-A68D-7590B98EB39B}
		{256FE921-0F98-4416-823B-6C3270F189FB} = {0AB3BF05-4346-4AA6-1389-037BE0695223}
		{E4BE6EA9-79CA-4173-978F-30526C375264} = {0AB3BF05-4346-4AA6-1389-037BE0695223}
		{71EEC3E9-F2BC-4E95-AFA0-34454AE546B1} = {0AB3BF05-4346-4AA6-1389-037BE0695223}
	EndGlobalSection
EndGlobal
